
Microsoft Visual Studio Solution File, Format Version 12.00
# Visual Studio Version 17
VisualStudioVersion = 17.11.35222.181
MinimumVisualStudioVersion = 10.0.40219.1
Project("{9A19103F-16F7-4668-BE54-9A1E7A4F7556}") = "Alientek-DP100", "Alientek-DP100\Alientek-DP100.csproj", "{D015F0DE-609D-4BA0-AE59-410F3A01151F}"
EndProject
Project("{FAE04EC0-301F-11D3-BF4B-00C04F79EFBC}") = "DP100App", "DP100App\DP100App.csproj", "{1FDF68D5-32EA-4960-A661-E9913C96CB49}"
EndProject
Global
	GlobalSection(SolutionConfigurationPlatforms) = preSolution
		Debug|Any CPU = Debug|Any CPU
		Release|Any CPU = Release|Any CPU
	EndGlobalSection
	GlobalSection(ProjectConfigurationPlatforms) = postSolution
		{D015F0DE-609D-4BA0-AE59-410F3A01151F}.Debug|Any CPU.ActiveCfg = Debug|Any CPU
		{D015F0DE-609D-4BA0-AE59-410F3A01151F}.Debug|Any CPU.Build.0 = Debug|Any CPU
		{D015F0DE-609D-4BA0-AE59-410F3A01151F}.Release|Any CPU.ActiveCfg = Release|Any CPU
		{D015F0DE-609D-4BA0-AE59-410F3A01151F}.Release|Any CPU.Build.0 = Release|Any CPU
		{1FDF68D5-32EA-4960-A661-E9913C96CB49}.Debug|Any CPU.ActiveCfg = Debug|Any CPU
		{1FDF68D5-32EA-4960-A661-E9913C96CB49}.Debug|Any CPU.Build.0 = Debug|Any CPU
		{1FDF68D5-32EA-4960-A661-E9913C96CB49}.Release|Any CPU.ActiveCfg = Release|Any CPU
		{1FDF68D5-32EA-4960-A661-E9913C96CB49}.Release|Any CPU.Build.0 = Release|Any CPU
	EndGlobalSection
	GlobalSection(SolutionProperties) = preSolution
		HideSolutionNode = FALSE
	EndGlobalSection
	GlobalSection(ExtensibilityGlobals) = postSolution
		SolutionGuid = {37DF6B21-D477-4993-9347-AF2EF5828613}
	EndGlobalSection
EndGlobal
